
Microsoft Visual Studio Solution File, Format Version 12.00
# Visual Studio Version 17
VisualStudioVersion = 17.14.36221.1
MinimumVisualStudioVersion = 10.0.40219.1
Project("{FAE04EC0-301F-11D3-BF4B-00C04F79EFBC}") = "ProductsApi", "ProductsApi.csproj", "{48DF99A8-4045-4576-B9A8-CBE7B846F147}"
EndProject
Project("{FAE04EC0-301F-11D3-BF4B-00C04F79EFBC}") = "BlazorWasm", "..\BlazorWasm\BlazorWasm.csproj", "{19E59B69-F940-4330-8587-0346818CE009}"
EndProject
Global
	GlobalSection(SolutionConfigurationPlatforms) = preSolution
		Debug|Any CPU = Debug|Any CPU
		Release|Any CPU = Release|Any CPU
	EndGlobalSection
	GlobalSection(ProjectConfigurationPlatforms) = postSolution
		{48DF99A8-4045-4576-B9A8-CBE7B846F147}.Debug|Any CPU.ActiveCfg = Debug|Any CPU
		{48DF99A8-4045-4576-B9A8-CBE7B846F147}.Debug|Any CPU.Build.0 = Debug|Any CPU
		{48DF99A8-4045-4576-B9A8-CBE7B846F147}.Release|Any CPU.ActiveCfg = Release|Any CPU
		{48DF99A8-4045-4576-B9A8-CBE7B846F147}.Release|Any CPU.Build.0 = Release|Any CPU
		{19E59B69-F940-4330-8587-0346818CE009}.Debug|Any CPU.ActiveCfg = Debug|Any CPU
		{19E59B69-F940-4330-8587-0346818CE009}.Debug|Any CPU.Build.0 = Debug|Any CPU
		{19E59B69-F940-4330-8587-0346818CE009}.Release|Any CPU.ActiveCfg = Release|Any CPU
		{19E59B69-F940-4330-8587-0346818CE009}.Release|Any CPU.Build.0 = Release|Any CPU
	EndGlobalSection
	GlobalSection(SolutionProperties) = preSolution
		HideSolutionNode = FALSE
	EndGlobalSection
	GlobalSection(ExtensibilityGlobals) = postSolution
		SolutionGuid = {8AA6012C-8CF3-4455-AC4A-6EDB5276E091}
	EndGlobalSection
EndGlobal
